
Microsoft Visual Studio Solution File, Format Version 12.00
# Visual Studio Version 16
VisualStudioVersion = 16.0.31321.278
MinimumVisualStudioVersion = 10.0.40219.1
Project("{8BC9CEB8-8B4A-11D0-8D11-00A0C91BC942}") = "UDP_client", "UDP_client\UDP_client.vcxproj", "{6977382D-8491-478F-AA3E-52D8A9CD9540}"
EndProject
Global
	GlobalSection(SolutionConfigurationPlatforms) = preSolution
		Debug|x64 = Debug|x64
		Debug|x86 = Debug|x86
		Release|x64 = Release|x64
		Release|x86 = Release|x86
	EndGlobalSection
	GlobalSection(ProjectConfigurationPlatforms) = postSolution
		{6977382D-8491-478F-AA3E-52D8A9CD9540}.Debug|x64.ActiveCfg = Debug|x64
		{6977382D-8491-478F-AA3E-52D8A9CD9540}.Debug|x64.Build.0 = Debug|x64
		{6977382D-8491-478F-AA3E-52D8A9CD9540}.Debug|x86.ActiveCfg = Debug|Win32
		{6977382D-8491-478F-AA3E-52D8A9CD9540}.Debug|x86.Build.0 = Debug|Win32
		{6977382D-8491-478F-AA3E-52D8A9CD9540}.Release|x64.ActiveCfg = Release|x64
		{6977382D-8491-478F-AA3E-52D8A9CD9540}.Release|x64.Build.0 = Release|x64
		{6977382D-8491-478F-AA3E-52D8A9CD9540}.Release|x86.ActiveCfg = Release|Win32
		{6977382D-8491-478F-AA3E-52D8A9CD9540}.Release|x86.Build.0 = Release|Win32
	EndGlobalSection
	GlobalSection(SolutionProperties) = preSolution
		HideSolutionNode = FALSE
	EndGlobalSection
	GlobalSection(ExtensibilityGlobals) = postSolution
		SolutionGuid = {405A9423-AF79-4707-95B8-2EEBE01B9162}
	EndGlobalSection
EndGlobal
